
Microsoft Visual Studio Solution File, Format Version 12.00
# Visual Studio Version 16
VisualStudioVersion = 16.0.29311.281
MinimumVisualStudioVersion = 10.0.40219.1
Project("{FAE04EC0-301F-11D3-BF4B-00C04F79EFBC}") = "Lab6", "Lab6\Lab6.csproj", "{00CBC625-B707-4E21-9918-06A1018E58D8}"
EndProject
Global
	GlobalSection(SolutionConfigurationPlatforms) = preSolution
		Debug|Any CPU = Debug|Any CPU
		Release|Any CPU = Release|Any CPU
	EndGlobalSection
	GlobalSection(ProjectConfigurationPlatforms) = postSolution
		{00CBC625-B707-4E21-9918-06A1018E58D8}.Debug|Any CPU.ActiveCfg = Debug|Any CPU
		{00CBC625-B707-4E21-9918-06A1018E58D8}.Debug|Any CPU.Build.0 = Debug|Any CPU
		{00CBC625-B707-4E21-9918-06A1018E58D8}.Release|Any CPU.ActiveCfg = Release|Any CPU
		{00CBC625-B707-4E21-9918-06A1018E58D8}.Release|Any CPU.Build.0 = Release|Any CPU
	EndGlobalSection
	GlobalSection(SolutionProperties) = preSolution
		HideSolutionNode = FALSE
	EndGlobalSection
	GlobalSection(ExtensibilityGlobals) = postSolution
		SolutionGuid = {3C0D34B0-3FEE-4D69-B4B4-BE8A0E8236F7}
	EndGlobalSection
EndGlobal
